{
    "_readme": [
        "This file locks the dependencies of your project to a known state",
        "Read more about it at http://getcomposer.org/doc/01-basic-usage.md#composer-lock-the-lock-file",
        "This file is @generated automatically"
    ],
    "hash": "197bc5ce2041dfe3408c11d6eb5df223",
    "packages": [
        {
            "name": "aws/aws-sdk-php",
            "version": "2.7.17",
            "source": {
                "type": "git",
                "url": "https://github.com/aws/aws-sdk-php.git",
                "reference": "eddf89846ed0f15e8e2b8cbe6d08125eaa20ad80"
            },
            "dist": {
                "type": "zip",
                "url": "https://api.github.com/repos/aws/aws-sdk-php/zipball/eddf89846ed0f15e8e2b8cbe6d08125eaa20ad80",
                "reference": "eddf89846ed0f15e8e2b8cbe6d08125eaa20ad80",
                "shasum": ""
            },
            "require": {
                "guzzle/guzzle": "~3.7",
                "php": ">=5.3.3"
            },
            "require-dev": {
                "doctrine/cache": "~1.0",
                "ext-openssl": "*",
                "monolog/monolog": "~1.4",
                "phpunit/phpunit": "~4.0",
                "symfony/yaml": "~2.1"
            },
            "suggest": {
                "doctrine/cache": "Adds support for caching of credentials and responses",
                "ext-apc": "Allows service description opcode caching, request and response caching, and credentials caching",
                "ext-openssl": "Allows working with CloudFront private distributions and verifying received SNS messages",
                "monolog/monolog": "Adds support for logging HTTP requests and responses",
                "symfony/yaml": "Eases the ability to write manifests for creating jobs in AWS Import/Export"
            },
            "type": "library",
            "extra": {
                "branch-alias": {
                    "dev-master": "2.7-dev"
                }
            },
            "autoload": {
                "psr-0": {
                    "Aws": "src/"
                }
            },
            "notification-url": "https://packagist.org/downloads/",
            "license": [
                "Apache-2.0"
            ],
            "authors": [
                {
                    "name": "Amazon Web Services",
                    "homepage": "http://aws.amazon.com"
                }
            ],
            "description": "AWS SDK for PHP - Use Amazon Web Services in your PHP project",
            "homepage": "http://aws.amazon.com/sdkforphp",
            "keywords": [
                "amazon",
                "aws",
                "cloud",
                "dynamodb",
                "ec2",
                "glacier",
                "s3",
                "sdk"
            ],
            "time": "2015-01-27 20:14:01"
        },
        {
            "name": "dropbox/dropbox-sdk",
            "version": "v1.1.4",
            "source": {
                "type": "git",
                "url": "https://github.com/dropbox/dropbox-sdk-php.git",
                "reference": "73e5add2f6d5d0355fa04e758f895e10c08d240a"
            },
            "dist": {
                "type": "zip",
                "url": "https://api.github.com/repos/dropbox/dropbox-sdk-php/zipball/73e5add2f6d5d0355fa04e758f895e10c08d240a",
                "reference": "73e5add2f6d5d0355fa04e758f895e10c08d240a",
                "shasum": ""
            },
            "require": {
                "ext-curl": "*",
                "php": ">= 5.3"
            },
            "require-dev": {
                "apigen/apigen": "2.8.2",
                "phpunit/phpunit": "~4.0",
                "squizlabs/php_codesniffer": "2.0.0RC3"
            },
            "type": "library",
            "autoload": {
                "psr-0": {
                    "Dropbox": "lib/"
                }
            },
            "notification-url": "https://packagist.org/downloads/",
            "license": [
                "MIT"
            ],
            "description": "Dropbox SDK for PHP",
            "keywords": [
                "dropbox"
            ],
            "time": "2014-10-21 21:09:01"
        },
        {
            "name": "guzzle/guzzle",
            "version": "v3.7.4",
            "source": {
                "type": "git",
                "url": "https://github.com/guzzle/guzzle.git",
                "reference": "b170b028c6bb5799640e46c8803015b0f9a45ed9"
            },
            "dist": {
                "type": "zip",
                "url": "https://api.github.com/repos/guzzle/guzzle/zipball/b170b028c6bb5799640e46c8803015b0f9a45ed9",
                "reference": "b170b028c6bb5799640e46c8803015b0f9a45ed9",
                "shasum": ""
            },
            "require": {
                "ext-curl": "*",
                "php": ">=5.3.3",
                "symfony/event-dispatcher": ">=2.1"
            },
            "replace": {
                "guzzle/batch": "self.version",
                "guzzle/cache": "self.version",
                "guzzle/common": "self.version",
                "guzzle/http": "self.version",
                "guzzle/inflection": "self.version",
                "guzzle/iterator": "self.version",
                "guzzle/log": "self.version",
                "guzzle/parser": "self.version",
                "guzzle/plugin": "self.version",
                "guzzle/plugin-async": "self.version",
                "guzzle/plugin-backoff": "self.version",
                "guzzle/plugin-cache": "self.version",
                "guzzle/plugin-cookie": "self.version",
                "guzzle/plugin-curlauth": "self.version",
                "guzzle/plugin-error-response": "self.version",
                "guzzle/plugin-history": "self.version",
                "guzzle/plugin-log": "self.version",
                "guzzle/plugin-md5": "self.version",
                "guzzle/plugin-mock": "self.version",
                "guzzle/plugin-oauth": "self.version",
                "guzzle/service": "self.version",
                "guzzle/stream": "self.version"
            },
            "require-dev": {
                "doctrine/cache": "*",
                "monolog/monolog": "1.*",
                "phpunit/phpunit": "3.7.*",
                "psr/log": "1.0.*",
                "symfony/class-loader": "*",
                "zendframework/zend-cache": "2.0.*",
                "zendframework/zend-log": "2.0.*"
            },
            "type": "library",
            "extra": {
                "branch-alias": {
                    "dev-master": "3.7-dev"
                }
            },
            "autoload": {
                "psr-0": {
                    "Guzzle\\Tests": "tests/",
                    "Guzzle": "src/"
                }
            },
            "notification-url": "https://packagist.org/downloads/",
            "license": [
                "MIT"
            ],
            "authors": [
                {
                    "name": "Michael Dowling",
                    "email": "mtdowling@gmail.com",
                    "homepage": "https://github.com/mtdowling"
                },
                {
                    "name": "Guzzle Community",
                    "homepage": "https://github.com/guzzle/guzzle/contributors"
                }
            ],
            "description": "Guzzle is a PHP HTTP client library and framework for building RESTful web service clients",
            "homepage": "http://guzzlephp.org/",
            "keywords": [
                "client",
                "curl",
                "framework",
                "http",
                "http client",
                "rest",
                "web service"
            ],
            "time": "2013-10-02 20:47:00"
        },
        {
            "name": "php-statsd-client/php-statsd-client",
            "version": "0.8.1",
            "source": {
                "type": "git",
                "url": "https://github.com/sam-media/php-statsd-client.git",
                "reference": "139b63b81cea0685d5178bb1bba0d8c93fa7777c"
            },
            "dist": {
                "type": "zip",
                "url": "https://api.github.com/repos/sam-media/php-statsd-client/zipball/139b63b81cea0685d5178bb1bba0d8c93fa7777c",
                "reference": "139b63b81cea0685d5178bb1bba0d8c93fa7777c",
                "shasum": ""
            },
            "require-dev": {
                "phpunit/phpunit": "3.7.*",
                "satooshi/php-coveralls": "dev-master"
            },
            "type": "library",
            "extra": {
                "branch-alias": {
                    "dev-master": "0.8.1-dev"
                }
            },
            "autoload": {
                "psr-0": {
                    "Statsd": "src"
                }
            },
            "notification-url": "https://packagist.org/downloads/",
            "authors": [
                {
                    "name": "Milad Rastian",
                    "email": "milad@sam-media.com",
                    "homepage": "https://github.com/sam-media/php-statsd-client",
                    "role": "Developer"
                }
            ],
            "description": "A PHP library for working with statsd",
            "homepage": "https://github.com/sam-media/php-statsd-client",
            "keywords": [
                "graphite",
                "library",
                "statsd"
            ],
            "time": "2014-08-21 05:13:49"
        },
        {
            "name": "pimple/pimple",
            "version": "v1.1.1",
            "source": {
                "type": "git",
                "url": "https://github.com/silexphp/Pimple.git",
                "reference": "2019c145fe393923f3441b23f29bbdfaa5c58c4d"
            },
            "dist": {
                "type": "zip",
                "url": "https://api.github.com/repos/silexphp/Pimple/zipball/2019c145fe393923f3441b23f29bbdfaa5c58c4d",
                "reference": "2019c145fe393923f3441b23f29bbdfaa5c58c4d",
                "shasum": ""
            },
            "require": {
                "php": ">=5.3.0"
            },
            "type": "library",
            "extra": {
                "branch-alias": {
                    "dev-master": "1.1.x-dev"
                }
            },
            "autoload": {
                "psr-0": {
                    "Pimple": "lib/"
                }
            },
            "notification-url": "https://packagist.org/downloads/",
            "license": [
                "MIT"
            ],
            "authors": [
                {
                    "name": "Fabien Potencier",
                    "email": "fabien@symfony.com"
                }
            ],
            "description": "Pimple is a simple Dependency Injection Container for PHP 5.3",
            "homepage": "http://pimple.sensiolabs.org",
            "keywords": [
                "container",
                "dependency injection"
            ],
            "time": "2013-11-22 08:30:29"
        },
        {
            "name": "predis/predis",
            "version": "v1.0.1",
            "source": {
                "type": "git",
                "url": "https://github.com/nrk/predis.git",
                "reference": "7a170b3d8123c556597b4fbdb88631f99de180c2"
            },
            "dist": {
                "type": "zip",
                "url": "https://api.github.com/repos/nrk/predis/zipball/7a170b3d8123c556597b4fbdb88631f99de180c2",
                "reference": "7a170b3d8123c556597b4fbdb88631f99de180c2",
                "shasum": ""
            },
            "require": {
                "php": ">=5.3.2"
            },
            "require-dev": {
                "phpunit/phpunit": "~4.0"
            },
            "suggest": {
                "ext-curl": "Allows access to Webdis when paired with phpiredis",
                "ext-phpiredis": "Allows faster serialization and deserialization of the Redis protocol"
            },
            "type": "library",
            "autoload": {
                "psr-4": {
                    "Predis\\": "src/"
                }
            },
            "notification-url": "https://packagist.org/downloads/",
            "license": [
                "MIT"
            ],
            "authors": [
                {
                    "name": "Daniele Alessandri",
                    "email": "suppakilla@gmail.com",
                    "homepage": "http://clorophilla.net"
                }
            ],
            "description": "Flexible and feature-complete PHP client library for Redis",
            "homepage": "http://github.com/nrk/predis",
            "keywords": [
                "nosql",
                "predis",
                "redis"
            ],
            "time": "2015-01-02 12:51:34"
        },
        {
            "name": "psr/log",
            "version": "1.0.0",
            "source": {
                "type": "git",
                "url": "https://github.com/php-fig/log.git",
                "reference": "fe0936ee26643249e916849d48e3a51d5f5e278b"
            },
            "dist": {
                "type": "zip",
                "url": "https://api.github.com/repos/php-fig/log/zipball/fe0936ee26643249e916849d48e3a51d5f5e278b",
                "reference": "fe0936ee26643249e916849d48e3a51d5f5e278b",
                "shasum": ""
            },
            "type": "library",
            "autoload": {
                "psr-0": {
                    "Psr\\Log\\": ""
                }
            },
            "notification-url": "https://packagist.org/downloads/",
            "license": [
                "MIT"
            ],
            "authors": [
                {
                    "name": "PHP-FIG",
                    "homepage": "http://www.php-fig.org/"
                }
            ],
            "description": "Common interface for logging libraries",
            "keywords": [
                "log",
                "psr",
                "psr-3"
            ],
            "time": "2012-12-21 11:40:51"
        },
        {
            "name": "sam-media/libsam",
            "version": "0.9.5",
            "source": {
                "type": "git",
                "url": "git@git.sam-media.com:sam-tools/lib-sam.git",
                "reference": "9d34edc52787e2b86c665f009ffef511232b71ad"
            },
            "require": {
                "aws/aws-sdk-php": "2.*",
                "dropbox/dropbox-sdk": "1.1.*",
                "ext-json": "*",
                "ext-xmlrpc": "*",
                "guzzle/guzzle": "3.7.*",
                "php-statsd-client/php-statsd-client": "0.8.1",
                "predis/predis": "1.0.*",
                "psr/log": "~1.0",
                "snmp-persist/snmp-persist": "0.9.3",
                "symfony/console": "2.5.*",
                "symfony/yaml": "2.5.*",
                "videlalvaro/php-amqplib": "v2.1.0",
                "wurfl/wurfl-api": "1.5.0"
            },
            "require-dev": {
                "mikey179/vfsstream": "1.3.*@dev",
                "phpunit/phpunit": "3.7.*"
            },
            "suggest": {
                "ext-pcntl": "Provide interprocess communication",
                "ext-posix": "To support Posix functions"
            },
            "type": "library",
            "autoload": {
                "psr-0": {
                    "Sam": "src/",
                    "LibSam": "src/"
                }
            },
            "homepage": "http://sam-media.com",
            "time": "2014-12-09 03:34:07"
        },
        {
            "name": "silex/silex",
            "version": "v1.2.3",
            "source": {
                "type": "git",
                "url": "https://github.com/silexphp/Silex.git",
                "reference": "57c98ea0cb47664096094912920951fde1f4631a"
            },
            "dist": {
                "type": "zip",
                "url": "https://api.github.com/repos/silexphp/Silex/zipball/57c98ea0cb47664096094912920951fde1f4631a",
                "reference": "57c98ea0cb47664096094912920951fde1f4631a",
                "shasum": ""
            },
            "require": {
                "php": ">=5.3.3",
                "pimple/pimple": "~1.0",
                "symfony/event-dispatcher": "~2.3,<3.0",
                "symfony/http-foundation": "~2.3,<3.0",
                "symfony/http-kernel": "~2.3,<3.0",
                "symfony/routing": "~2.3,<3.0"
            },
            "require-dev": {
                "doctrine/dbal": "~2.2",
                "monolog/monolog": "~1.4,>=1.4.1",
                "swiftmailer/swiftmailer": "5.*",
                "symfony/browser-kit": "~2.3,<3.0",
                "symfony/config": "~2.3,<3.0",
                "symfony/css-selector": "~2.3,<3.0",
                "symfony/debug": "~2.3,<3.0",
                "symfony/dom-crawler": "~2.3,<3.0",
                "symfony/finder": "~2.3,<3.0",
                "symfony/form": "~2.3,<3.0",
                "symfony/locale": "~2.3,<3.0",
                "symfony/monolog-bridge": "~2.3,<3.0",
                "symfony/options-resolver": "~2.3,<3.0",
                "symfony/process": "~2.3,<3.0",
                "symfony/security": "~2.3,<3.0",
                "symfony/serializer": "~2.3,<3.0",
                "symfony/translation": "~2.3,<3.0",
                "symfony/twig-bridge": "~2.3,<3.0",
                "symfony/validator": "~2.3,<3.0",
                "twig/twig": ">=1.8.0,<2.0-dev"
            },
            "suggest": {
                "symfony/browser-kit": "~2.3",
                "symfony/css-selector": "~2.3",
                "symfony/dom-crawler": "~2.3",
                "symfony/form": "~2.3"
            },
            "type": "library",
            "extra": {
                "branch-alias": {
                    "dev-master": "1.2.x-dev"
                }
            },
            "autoload": {
                "psr-0": {
                    "Silex": "src/"
                }
            },
            "notification-url": "https://packagist.org/downloads/",
            "license": [
                "MIT"
            ],
            "authors": [
                {
                    "name": "Fabien Potencier",
                    "email": "fabien@symfony.com"
                },
                {
                    "name": "Igor Wiedler",
                    "email": "igor@wiedler.ch"
                }
            ],
            "description": "The PHP micro-framework based on the Symfony2 Components",
            "homepage": "http://silex.sensiolabs.org",
            "keywords": [
                "microframework"
            ],
            "time": "2015-01-20 16:45:58"
        },
        {
            "name": "snmp-persist/snmp-persist",
            "version": "0.9.3",
            "source": {
                "type": "git",
                "url": "https://github.com/sam-media/php-snmp-persist.git",
                "reference": "fda3ea504e20729aa4adfadcbced11b9cfcb590a"
            },
            "dist": {
                "type": "zip",
                "url": "https://api.github.com/repos/sam-media/php-snmp-persist/zipball/fda3ea504e20729aa4adfadcbced11b9cfcb590a",
                "reference": "fda3ea504e20729aa4adfadcbced11b9cfcb590a",
                "shasum": ""
            },
            "require": {
                "php": ">=5.3"
            },
            "type": "library",
            "extra": {
                "branch-alias": {
                    "dev-master": "0.9.3-dev"
                }
            },
            "autoload": {
                "psr-0": {
                    "Snmp\\Persist": "src/",
                    "Snmp\\Unit": "src/"
                }
            },
            "notification-url": "https://packagist.org/downloads/",
            "license": [
                "MIT"
            ],
            "authors": [
                {
                    "name": "Milad Rastian",
                    "email": "milad@sam-media.com",
                    "homepage": "https://github.com/sam-media/php-statsd-client",
                    "role": "Developer"
                }
            ],
            "description": "The SNMP pass_persist threaded backend",
            "homepage": "https://github.com/sam-media/php-snmp-persist",
            "keywords": [
                "management",
                "mib",
                "networking",
                "oid",
                "snmp"
            ],
            "time": "2014-01-10 01:17:10"
        },
        {
            "name": "symfony/console",
            "version": "v2.5.9",
            "target-dir": "Symfony/Component/Console",
            "source": {
                "type": "git",
                "url": "https://github.com/symfony/Console.git",
                "reference": "754f4b6de7b4a1d442f9b6a728bfb7adef54592c"
            },
            "dist": {
                "type": "zip",
                "url": "https://api.github.com/repos/symfony/Console/zipball/754f4b6de7b4a1d442f9b6a728bfb7adef54592c",
                "reference": "754f4b6de7b4a1d442f9b6a728bfb7adef54592c",
                "shasum": ""
            },
            "require": {
                "php": ">=5.3.3"
            },
            "require-dev": {
                "psr/log": "~1.0",
                "symfony/event-dispatcher": "~2.1"
            },
            "suggest": {
                "psr/log": "For using the console logger",
                "symfony/event-dispatcher": ""
            },
            "type": "library",
            "extra": {
                "branch-alias": {
                    "dev-master": "2.5-dev"
                }
            },
            "autoload": {
                "psr-0": {
                    "Symfony\\Component\\Console\\": ""
                }
            },
            "notification-url": "https://packagist.org/downloads/",
            "license": [
                "MIT"
            ],
            "authors": [
                {
                    "name": "Symfony Community",
                    "homepage": "http://symfony.com/contributors"
                },
                {
                    "name": "Fabien Potencier",
                    "email": "fabien@symfony.com"
                }
            ],
            "description": "Symfony Console Component",
            "homepage": "http://symfony.com",
            "time": "2015-01-06 17:40:45"
        },
        {
            "name": "symfony/debug",
            "version": "v2.6.3",
            "target-dir": "Symfony/Component/Debug",
            "source": {
                "type": "git",
                "url": "https://github.com/symfony/Debug.git",
                "reference": "7213c8200d60728c9d4c56d5830aa2d80ae3d25d"
            },
            "dist": {
                "type": "zip",
                "url": "https://api.github.com/repos/symfony/Debug/zipball/7213c8200d60728c9d4c56d5830aa2d80ae3d25d",
                "reference": "7213c8200d60728c9d4c56d5830aa2d80ae3d25d",
                "shasum": ""
            },
            "require": {
                "php": ">=5.3.3",
                "psr/log": "~1.0"
            },
            "require-dev": {
                "symfony/class-loader": "~2.2",
                "symfony/http-foundation": "~2.1",
                "symfony/http-kernel": "~2.3.24|~2.5.9|~2.6,>=2.6.2"
            },
            "suggest": {
                "symfony/http-foundation": "",
                "symfony/http-kernel": ""
            },
            "type": "library",
            "extra": {
                "branch-alias": {
                    "dev-master": "2.6-dev"
                }
            },
            "autoload": {
                "psr-0": {
                    "Symfony\\Component\\Debug\\": ""
                }
            },
            "notification-url": "https://packagist.org/downloads/",
            "license": [
                "MIT"
            ],
            "authors": [
                {
                    "name": "Symfony Community",
                    "homepage": "http://symfony.com/contributors"
                },
                {
                    "name": "Fabien Potencier",
                    "email": "fabien@symfony.com"
                }
            ],
            "description": "Symfony Debug Component",
            "homepage": "http://symfony.com",
            "time": "2015-01-05 17:41:06"
        },
        {
            "name": "symfony/event-dispatcher",
            "version": "v2.6.3",
            "target-dir": "Symfony/Component/EventDispatcher",
            "source": {
                "type": "git",
                "url": "https://github.com/symfony/EventDispatcher.git",
                "reference": "40ff70cadea3785d83cac1c8309514b36113064e"
            },
            "dist": {
                "type": "zip",
                "url": "https://api.github.com/repos/symfony/EventDispatcher/zipball/40ff70cadea3785d83cac1c8309514b36113064e",
                "reference": "40ff70cadea3785d83cac1c8309514b36113064e",
                "shasum": ""
            },
            "require": {
                "php": ">=5.3.3"
            },
            "require-dev": {
                "psr/log": "~1.0",
                "symfony/config": "~2.0,>=2.0.5",
                "symfony/dependency-injection": "~2.6",
                "symfony/expression-language": "~2.6",
                "symfony/stopwatch": "~2.3"
            },
            "suggest": {
                "symfony/dependency-injection": "",
                "symfony/http-kernel": ""
            },
            "type": "library",
            "extra": {
                "branch-alias": {
                    "dev-master": "2.6-dev"
                }
            },
            "autoload": {
                "psr-0": {
                    "Symfony\\Component\\EventDispatcher\\": ""
                }
            },
            "notification-url": "https://packagist.org/downloads/",
            "license": [
                "MIT"
            ],
            "authors": [
                {
                    "name": "Symfony Community",
                    "homepage": "http://symfony.com/contributors"
                },
                {
                    "name": "Fabien Potencier",
                    "email": "fabien@symfony.com"
                }
            ],
            "description": "Symfony EventDispatcher Component",
            "homepage": "http://symfony.com",
            "time": "2015-01-05 14:28:40"
        },
        {
            "name": "symfony/http-foundation",
            "version": "v2.6.3",
            "target-dir": "Symfony/Component/HttpFoundation",
            "source": {
                "type": "git",
                "url": "https://github.com/symfony/HttpFoundation.git",
                "reference": "3f4ba2c658be910fe6cec46ed34ee900bd18bb01"
            },
            "dist": {
                "type": "zip",
                "url": "https://api.github.com/repos/symfony/HttpFoundation/zipball/3f4ba2c658be910fe6cec46ed34ee900bd18bb01",
                "reference": "3f4ba2c658be910fe6cec46ed34ee900bd18bb01",
                "shasum": ""
            },
            "require": {
                "php": ">=5.3.3"
            },
            "require-dev": {
                "symfony/expression-language": "~2.4"
            },
            "type": "library",
            "extra": {
                "branch-alias": {
                    "dev-master": "2.6-dev"
                }
            },
            "autoload": {
                "psr-0": {
                    "Symfony\\Component\\HttpFoundation\\": ""
                },
                "classmap": [
                    "Symfony/Component/HttpFoundation/Resources/stubs"
                ]
            },
            "notification-url": "https://packagist.org/downloads/",
            "license": [
                "MIT"
            ],
            "authors": [
                {
                    "name": "Symfony Community",
                    "homepage": "http://symfony.com/contributors"
                },
                {
                    "name": "Fabien Potencier",
                    "email": "fabien@symfony.com"
                }
            ],
            "description": "Symfony HttpFoundation Component",
            "homepage": "http://symfony.com",
            "time": "2015-01-05 17:41:06"
        },
        {
            "name": "symfony/http-kernel",
            "version": "v2.6.3",
            "target-dir": "Symfony/Component/HttpKernel",
            "source": {
                "type": "git",
                "url": "https://github.com/symfony/HttpKernel.git",
                "reference": "cdb9cb3021301e124d4aef383c33f8b0138d6721"
            },
            "dist": {
                "type": "zip",
                "url": "https://api.github.com/repos/symfony/HttpKernel/zipball/cdb9cb3021301e124d4aef383c33f8b0138d6721",
                "reference": "cdb9cb3021301e124d4aef383c33f8b0138d6721",
                "shasum": ""
            },
            "require": {
                "php": ">=5.3.3",
                "psr/log": "~1.0",
                "symfony/debug": "~2.6,>=2.6.2",
                "symfony/event-dispatcher": "~2.5.9|~2.6,>=2.6.2",
                "symfony/http-foundation": "~2.5,>=2.5.4"
            },
            "require-dev": {
                "symfony/browser-kit": "~2.3",
                "symfony/class-loader": "~2.1",
                "symfony/config": "~2.0,>=2.0.5",
                "symfony/console": "~2.3",
                "symfony/css-selector": "~2.0,>=2.0.5",
                "symfony/dependency-injection": "~2.2",
                "symfony/dom-crawler": "~2.0,>=2.0.5",
                "symfony/expression-language": "~2.4",
                "symfony/finder": "~2.0,>=2.0.5",
                "symfony/process": "~2.0,>=2.0.5",
                "symfony/routing": "~2.2",
                "symfony/stopwatch": "~2.3",
                "symfony/templating": "~2.2",
                "symfony/translation": "~2.0,>=2.0.5",
                "symfony/var-dumper": "~2.6"
            },
            "suggest": {
                "symfony/browser-kit": "",
                "symfony/class-loader": "",
                "symfony/config": "",
                "symfony/console": "",
                "symfony/dependency-injection": "",
                "symfony/finder": "",
                "symfony/var-dumper": ""
            },
            "type": "library",
            "extra": {
                "branch-alias": {
                    "dev-master": "2.6-dev"
                }
            },
            "autoload": {
                "psr-0": {
                    "Symfony\\Component\\HttpKernel\\": ""
                }
            },
            "notification-url": "https://packagist.org/downloads/",
            "license": [
                "MIT"
            ],
            "authors": [
                {
                    "name": "Symfony Community",
                    "homepage": "http://symfony.com/contributors"
                },
                {
                    "name": "Fabien Potencier",
                    "email": "fabien@symfony.com"
                }
            ],
            "description": "Symfony HttpKernel Component",
            "homepage": "http://symfony.com",
            "time": "2015-01-07 14:47:29"
        },
        {
            "name": "symfony/routing",
            "version": "v2.6.3",
            "target-dir": "Symfony/Component/Routing",
            "source": {
                "type": "git",
                "url": "https://github.com/symfony/Routing.git",
                "reference": "28382c6806780ddc657c136a5ca4415dd3252f41"
            },
            "dist": {
                "type": "zip",
                "url": "https://api.github.com/repos/symfony/Routing/zipball/28382c6806780ddc657c136a5ca4415dd3252f41",
                "reference": "28382c6806780ddc657c136a5ca4415dd3252f41",
                "shasum": ""
            },
            "require": {
                "php": ">=5.3.3"
            },
            "require-dev": {
                "doctrine/annotations": "~1.0",
                "doctrine/common": "~2.2",
                "psr/log": "~1.0",
                "symfony/config": "~2.2",
                "symfony/expression-language": "~2.4",
                "symfony/http-foundation": "~2.3",
                "symfony/yaml": "~2.0,>=2.0.5"
            },
            "suggest": {
                "doctrine/annotations": "For using the annotation loader",
                "symfony/config": "For using the all-in-one router or any loader",
                "symfony/expression-language": "For using expression matching",
                "symfony/yaml": "For using the YAML loader"
            },
            "type": "library",
            "extra": {
                "branch-alias": {
                    "dev-master": "2.6-dev"
                }
            },
            "autoload": {
                "psr-0": {
                    "Symfony\\Component\\Routing\\": ""
                }
            },
            "notification-url": "https://packagist.org/downloads/",
            "license": [
                "MIT"
            ],
            "authors": [
                {
                    "name": "Symfony Community",
                    "homepage": "http://symfony.com/contributors"
                },
                {
                    "name": "Fabien Potencier",
                    "email": "fabien@symfony.com"
                }
            ],
            "description": "Symfony Routing Component",
            "homepage": "http://symfony.com",
            "keywords": [
                "router",
                "routing",
                "uri",
                "url"
            ],
            "time": "2015-01-05 14:28:40"
        },
        {
            "name": "symfony/yaml",
            "version": "v2.5.9",
            "target-dir": "Symfony/Component/Yaml",
            "source": {
                "type": "git",
                "url": "https://github.com/symfony/Yaml.git",
                "reference": "522b6c2f45504521fd411a6b1632958bfee20845"
            },
            "dist": {
                "type": "zip",
                "url": "https://api.github.com/repos/symfony/Yaml/zipball/522b6c2f45504521fd411a6b1632958bfee20845",
                "reference": "522b6c2f45504521fd411a6b1632958bfee20845",
                "shasum": ""
            },
            "require": {
                "php": ">=5.3.3"
            },
            "type": "library",
            "extra": {
                "branch-alias": {
                    "dev-master": "2.5-dev"
                }
            },
            "autoload": {
                "psr-0": {
                    "Symfony\\Component\\Yaml\\": ""
                }
            },
            "notification-url": "https://packagist.org/downloads/",
            "license": [
                "MIT"
            ],
            "authors": [
                {
                    "name": "Symfony Community",
                    "homepage": "http://symfony.com/contributors"
                },
                {
                    "name": "Fabien Potencier",
                    "email": "fabien@symfony.com"
                }
            ],
            "description": "Symfony Yaml Component",
            "homepage": "http://symfony.com",
            "time": "2015-01-03 14:48:25"
        },
        {
            "name": "videlalvaro/php-amqplib",
            "version": "v2.1.0",
            "source": {
                "type": "git",
                "url": "https://github.com/videlalvaro/php-amqplib.git",
                "reference": "adc2a425ab214517a5e76557a9370bdc6f212576"
            },
            "dist": {
                "type": "zip",
                "url": "https://api.github.com/repos/videlalvaro/php-amqplib/zipball/adc2a425ab214517a5e76557a9370bdc6f212576",
                "reference": "adc2a425ab214517a5e76557a9370bdc6f212576",
                "shasum": ""
            },
            "require": {
                "ext-bcmath": "*",
                "php": ">=5.3.0"
            },
            "type": "library",
            "autoload": {
                "psr-0": {
                    "PhpAmqpLib": ""
                }
            },
            "notification-url": "https://packagist.org/downloads/",
            "license": [
                "LGPL-2.1"
            ],
            "authors": [
                {
                    "name": "Alvaro Videla"
                }
            ],
            "description": "This library is a pure PHP implementation of the AMQP protocol. It's been tested against RabbitMQ.",
            "homepage": "https://github.com/videlalvaro/php-amqplib/",
            "keywords": [
                "message",
                "queue",
                "rabbitmq"
            ],
            "time": "2013-06-17 19:25:27"
        },
        {
            "name": "wurfl/wurfl-api",
            "version": "1.5.0",
            "source": {
                "type": "git",
                "url": "https://github.com/sam-media/wurfl-api.git",
                "reference": "14d0a18951a0b0ed40bbac2da4981275164fda3a"
            },
            "dist": {
                "type": "zip",
                "url": "https://api.github.com/repos/sam-media/wurfl-api/zipball/14d0a18951a0b0ed40bbac2da4981275164fda3a",
                "reference": "14d0a18951a0b0ed40bbac2da4981275164fda3a",
                "shasum": ""
            },
            "require": {
                "php": ">=5.3.0"
            },
            "type": "library",
            "extra": {
                "branch-alias": {
                    "dev-master": "1.5-dev"
                }
            },
            "autoload": {
                "psr-0": {
                    "WURFL_": "./"
                }
            },
            "notification-url": "https://packagist.org/downloads/",
            "license": [
                "GNU AFFERO GENERAL PUBLIC LICENSE"
            ],
            "authors": [
                {
                    "name": "ScientiaMobile, Inc",
                    "email": "sales@scientiamobile.com",
                    "homepage": "http://wurfl.sourceforge.net/"
                }
            ],
            "description": "WURFL, the Wireless Universal Resource FiLe, is a Device Description Repository (DDR), i.e. a software component that maps HTTP Request headers to the profile of the HTTP client (Desktop, Mobile Device, Tablet, etc.) that issued the request",
            "time": "2014-01-09 14:43:38"
        }
    ],
    "packages-dev": [],
    "aliases": [],
    "minimum-stability": "stable",
    "stability-flags": [],
    "prefer-stable": false,
    "prefer-lowest": false,
    "platform": [],
    "platform-dev": []
}
